
Microsoft Visual Studio Solution File, Format Version 12.00
# Visual Studio 15
Project("{FAE04EC0-301F-11D3-BF4B-00C04F79EFBC}") = "Unity.RenderStreaming.Sample", "Unity.RenderStreaming.Sample.csproj", "{B77B67B8-D306-7E5B-C7B4-D147A126185D}"
EndProject
Project("{FAE04EC0-301F-11D3-BF4B-00C04F79EFBC}") = "Unity.RenderStreaming.Sample.WebBrowserInput", "Unity.RenderStreaming.Sample.WebBrowserInput.csproj", "{46CF6DF3-5F55-720A-369C-7DA31C51513C}"
EndProject
Project("{FAE04EC0-301F-11D3-BF4B-00C04F79EFBC}") = "Unity.RenderStreaming.Sample.Stats", "Unity.RenderStreaming.Sample.Stats.csproj", "{E7FCF677-3780-F781-547F-CD1177FB8794}"
EndProject
Project("{FAE04EC0-301F-11D3-BF4B-00C04F79EFBC}") = "Assembly-CSharp", "Assembly-CSharp.csproj", "{235315D4-A330-23CC-EB68-775E28D57EAF}"
EndProject
Project("{FAE04EC0-301F-11D3-BF4B-00C04F79EFBC}") = "Unity.RenderStreaming.Sample.Editor", "Unity.RenderStreaming.Sample.Editor.csproj", "{7C454E25-20EA-4D60-D5C4-F13C6F60FD48}"
EndProject
Global
	GlobalSection(SolutionConfigurationPlatforms) = preSolution
		Debug|Any CPU = Debug|Any CPU
		Release|Any CPU = Release|Any CPU
	EndGlobalSection
	GlobalSection(ProjectConfigurationPlatforms) = postSolution
		{B77B67B8-D306-7E5B-C7B4-D147A126185D}.Debug|Any CPU.ActiveCfg = Debug|Any CPU
		{B77B67B8-D306-7E5B-C7B4-D147A126185D}.Debug|Any CPU.Build.0 = Debug|Any CPU
		{B77B67B8-D306-7E5B-C7B4-D147A126185D}.Release|Any CPU.ActiveCfg = Release|Any CPU
		{B77B67B8-D306-7E5B-C7B4-D147A126185D}.Release|Any CPU.Build.0 = Release|Any CPU
		{46CF6DF3-5F55-720A-369C-7DA31C51513C}.Debug|Any CPU.ActiveCfg = Debug|Any CPU
		{46CF6DF3-5F55-720A-369C-7DA31C51513C}.Debug|Any CPU.Build.0 = Debug|Any CPU
		{46CF6DF3-5F55-720A-369C-7DA31C51513C}.Release|Any CPU.ActiveCfg = Release|Any CPU
		{46CF6DF3-5F55-720A-369C-7DA31C51513C}.Release|Any CPU.Build.0 = Release|Any CPU
		{E7FCF677-3780-F781-547F-CD1177FB8794}.Debug|Any CPU.ActiveCfg = Debug|Any CPU
		{E7FCF677-3780-F781-547F-CD1177FB8794}.Debug|Any CPU.Build.0 = Debug|Any CPU
		{E7FCF677-3780-F781-547F-CD1177FB8794}.Release|Any CPU.ActiveCfg = Release|Any CPU
		{E7FCF677-3780-F781-547F-CD1177FB8794}.Release|Any CPU.Build.0 = Release|Any CPU
		{235315D4-A330-23CC-EB68-775E28D57EAF}.Debug|Any CPU.ActiveCfg = Debug|Any CPU
		{235315D4-A330-23CC-EB68-775E28D57EAF}.Debug|Any CPU.Build.0 = Debug|Any CPU
		{235315D4-A330-23CC-EB68-775E28D57EAF}.Release|Any CPU.ActiveCfg = Release|Any CPU
		{235315D4-A330-23CC-EB68-775E28D57EAF}.Release|Any CPU.Build.0 = Release|Any CPU
		{7C454E25-20EA-4D60-D5C4-F13C6F60FD48}.Debug|Any CPU.ActiveCfg = Debug|Any CPU
		{7C454E25-20EA-4D60-D5C4-F13C6F60FD48}.Debug|Any CPU.Build.0 = Debug|Any CPU
		{7C454E25-20EA-4D60-D5C4-F13C6F60FD48}.Release|Any CPU.ActiveCfg = Release|Any CPU
		{7C454E25-20EA-4D60-D5C4-F13C6F60FD48}.Release|Any CPU.Build.0 = Release|Any CPU
	EndGlobalSection
	GlobalSection(SolutionProperties) = preSolution
		HideSolutionNode = FALSE
	EndGlobalSection
EndGlobal
